
Microsoft Visual Studio Solution File, Format Version 12.00
# Visual Studio Version 17
VisualStudioVersion = 17.3.32811.315
MinimumVisualStudioVersion = 10.0.40219.1
Project("{FAE04EC0-301F-11D3-BF4B-00C04F79EFBC}") = "Url_Detection_Agent", "Url_Detection_Agent.csproj", "{1A0AC19C-7061-4926-AADB-1FB4C233C0B4}"
EndProject
Project("{FAE04EC0-301F-11D3-BF4B-00C04F79EFBC}") = "UrlTcpListenerLibrary", "..\UrlTcpListenerLibrary\UrlTcpListenerLibrary.csproj", "{C96FA5A7-EEA6-48B9-A4D2-4FAF9621F2FB}"
EndProject
Global
	GlobalSection(SolutionConfigurationPlatforms) = preSolution
		Debug|Any CPU = Debug|Any CPU
		Release|Any CPU = Release|Any CPU
	EndGlobalSection
	GlobalSection(ProjectConfigurationPlatforms) = postSolution
		{1A0AC19C-7061-4926-AADB-1FB4C233C0B4}.Debug|Any CPU.ActiveCfg = Debug|Any CPU
		{1A0AC19C-7061-4926-AADB-1FB4C233C0B4}.Debug|Any CPU.Build.0 = Debug|Any CPU
		{1A0AC19C-7061-4926-AADB-1FB4C233C0B4}.Release|Any CPU.ActiveCfg = Release|Any CPU
		{1A0AC19C-7061-4926-AADB-1FB4C233C0B4}.Release|Any CPU.Build.0 = Release|Any CPU
		{C96FA5A7-EEA6-48B9-A4D2-4FAF9621F2FB}.Debug|Any CPU.ActiveCfg = Debug|Any CPU
		{C96FA5A7-EEA6-48B9-A4D2-4FAF9621F2FB}.Debug|Any CPU.Build.0 = Debug|Any CPU
		{C96FA5A7-EEA6-48B9-A4D2-4FAF9621F2FB}.Release|Any CPU.ActiveCfg = Release|Any CPU
		{C96FA5A7-EEA6-48B9-A4D2-4FAF9621F2FB}.Release|Any CPU.Build.0 = Release|Any CPU
	EndGlobalSection
	GlobalSection(SolutionProperties) = preSolution
		HideSolutionNode = FALSE
	EndGlobalSection
	GlobalSection(ExtensibilityGlobals) = postSolution
		SolutionGuid = {E2502419-F458-493C-89F8-F4D1A31BA299}
	EndGlobalSection
EndGlobal
